
Microsoft Visual Studio Solution File, Format Version 12.00
# Visual Studio Version 16
VisualStudioVersion = 16.0.32413.511
MinimumVisualStudioVersion = 10.0.40219.1
Project("{FAE04EC0-301F-11D3-BF4B-00C04F79EFBC}") = "Kubernetes1", "Kubernetes1\Kubernetes1.csproj", "{2F93F4AA-9289-4F8C-9220-6A0EF182D318}"
EndProject
Global
	GlobalSection(SolutionConfigurationPlatforms) = preSolution
		Debug|Any CPU = Debug|Any CPU
		Release|Any CPU = Release|Any CPU
	EndGlobalSection
	GlobalSection(ProjectConfigurationPlatforms) = postSolution
		{2F93F4AA-9289-4F8C-9220-6A0EF182D318}.Debug|Any CPU.ActiveCfg = Debug|Any CPU
		{2F93F4AA-9289-4F8C-9220-6A0EF182D318}.Debug|Any CPU.Build.0 = Debug|Any CPU
		{2F93F4AA-9289-4F8C-9220-6A0EF182D318}.Release|Any CPU.ActiveCfg = Release|Any CPU
		{2F93F4AA-9289-4F8C-9220-6A0EF182D318}.Release|Any CPU.Build.0 = Release|Any CPU
	EndGlobalSection
	GlobalSection(SolutionProperties) = preSolution
		HideSolutionNode = FALSE
	EndGlobalSection
	GlobalSection(ExtensibilityGlobals) = postSolution
		SolutionGuid = {BA29979D-BF59-4923-B7F5-73BBD25B9336}
	EndGlobalSection
EndGlobal
